
Microsoft Visual Studio Solution File, Format Version 12.00
# Visual Studio 14
VisualStudioVersion = 14.0.25420.1
MinimumVisualStudioVersion = 10.0.40219.1
Project("{FAE04EC0-301F-11D3-BF4B-00C04F79EFBC}") = "UserApp", "UserApp\UserApp.csproj", "{6B60DA6E-E74A-41E2-A751-E577E3EA8FC7}"
EndProject
Project("{FAE04EC0-301F-11D3-BF4B-00C04F79EFBC}") = "SudokuSolver", "SudokuSolver\SudokuSolver.csproj", "{E9FDC20B-D61B-4918-9C65-A6834DBC9218}"
EndProject
Project("{FAE04EC0-301F-11D3-BF4B-00C04F79EFBC}") = "TestBoards", "TestBoards\TestBoards.csproj", "{AC91DE07-8506-41DB-93FC-91F8031AC6CF}"
EndProject
Global
	GlobalSection(SolutionConfigurationPlatforms) = preSolution
		Debug|Any CPU = Debug|Any CPU
		Release|Any CPU = Release|Any CPU
	EndGlobalSection
	GlobalSection(ProjectConfigurationPlatforms) = postSolution
		{6B60DA6E-E74A-41E2-A751-E577E3EA8FC7}.Debug|Any CPU.ActiveCfg = Debug|Any CPU
		{6B60DA6E-E74A-41E2-A751-E577E3EA8FC7}.Debug|Any CPU.Build.0 = Debug|Any CPU
		{6B60DA6E-E74A-41E2-A751-E577E3EA8FC7}.Release|Any CPU.ActiveCfg = Release|Any CPU
		{6B60DA6E-E74A-41E2-A751-E577E3EA8FC7}.Release|Any CPU.Build.0 = Release|Any CPU
		{E9FDC20B-D61B-4918-9C65-A6834DBC9218}.Debug|Any CPU.ActiveCfg = Debug|Any CPU
		{E9FDC20B-D61B-4918-9C65-A6834DBC9218}.Debug|Any CPU.Build.0 = Debug|Any CPU
		{E9FDC20B-D61B-4918-9C65-A6834DBC9218}.Release|Any CPU.ActiveCfg = Release|Any CPU
		{E9FDC20B-D61B-4918-9C65-A6834DBC9218}.Release|Any CPU.Build.0 = Release|Any CPU
		{AC91DE07-8506-41DB-93FC-91F8031AC6CF}.Debug|Any CPU.ActiveCfg = Debug|Any CPU
		{AC91DE07-8506-41DB-93FC-91F8031AC6CF}.Debug|Any CPU.Build.0 = Debug|Any CPU
		{AC91DE07-8506-41DB-93FC-91F8031AC6CF}.Release|Any CPU.ActiveCfg = Release|Any CPU
		{AC91DE07-8506-41DB-93FC-91F8031AC6CF}.Release|Any CPU.Build.0 = Release|Any CPU
	EndGlobalSection
	GlobalSection(SolutionProperties) = preSolution
		HideSolutionNode = FALSE
	EndGlobalSection
EndGlobal
